
Microsoft Visual Studio Solution File, Format Version 12.00
# Visual Studio Version 17
VisualStudioVersion = 17.7.34031.279
MinimumVisualStudioVersion = 10.0.40219.1
Project("{FAE04EC0-301F-11D3-BF4B-00C04F79EFBC}") = "FourthWebApp", "FourthWebApp\FourthWebApp.csproj", "{D87F0700-0529-48FA-B495-72A582EC7F49}"
EndProject
Project("{FAE04EC0-301F-11D3-BF4B-00C04F79EFBC}") = "Data Access", "Data Access\Data Access.csproj", "{D70DFA85-852D-4EF6-9680-E788FBA53346}"
EndProject
Project("{FAE04EC0-301F-11D3-BF4B-00C04F79EFBC}") = "ViewModel", "ViewModel\ViewModel.csproj", "{2E900342-AA1C-41AD-8FC5-F57E0B25F000}"
EndProject
Global
	GlobalSection(SolutionConfigurationPlatforms) = preSolution
		Debug|Any CPU = Debug|Any CPU
		Release|Any CPU = Release|Any CPU
	EndGlobalSection
	GlobalSection(ProjectConfigurationPlatforms) = postSolution
		{D87F0700-0529-48FA-B495-72A582EC7F49}.Debug|Any CPU.ActiveCfg = Debug|Any CPU
		{D87F0700-0529-48FA-B495-72A582EC7F49}.Debug|Any CPU.Build.0 = Debug|Any CPU
		{D87F0700-0529-48FA-B495-72A582EC7F49}.Release|Any CPU.ActiveCfg = Release|Any CPU
		{D87F0700-0529-48FA-B495-72A582EC7F49}.Release|Any CPU.Build.0 = Release|Any CPU
		{D70DFA85-852D-4EF6-9680-E788FBA53346}.Debug|Any CPU.ActiveCfg = Debug|Any CPU
		{D70DFA85-852D-4EF6-9680-E788FBA53346}.Debug|Any CPU.Build.0 = Debug|Any CPU
		{D70DFA85-852D-4EF6-9680-E788FBA53346}.Release|Any CPU.ActiveCfg = Release|Any CPU
		{D70DFA85-852D-4EF6-9680-E788FBA53346}.Release|Any CPU.Build.0 = Release|Any CPU
		{2E900342-AA1C-41AD-8FC5-F57E0B25F000}.Debug|Any CPU.ActiveCfg = Debug|Any CPU
		{2E900342-AA1C-41AD-8FC5-F57E0B25F000}.Debug|Any CPU.Build.0 = Debug|Any CPU
		{2E900342-AA1C-41AD-8FC5-F57E0B25F000}.Release|Any CPU.ActiveCfg = Release|Any CPU
		{2E900342-AA1C-41AD-8FC5-F57E0B25F000}.Release|Any CPU.Build.0 = Release|Any CPU
	EndGlobalSection
	GlobalSection(SolutionProperties) = preSolution
		HideSolutionNode = FALSE
	EndGlobalSection
	GlobalSection(ExtensibilityGlobals) = postSolution
		SolutionGuid = {B997B0DB-E1AD-4D92-B0F9-A489F910CEF6}
	EndGlobalSection
EndGlobal
